{
	"name": "@seolhun/localize-components-grid",
	"version": "0.5.2",
	"lockfileVersion": 1,
	"requires": true,
	"dependencies": {
		"@babel/runtime": {
			"version": "7.10.5",
			"resolved": "https://registry.npmjs.org/@babel/runtime/-/runtime-7.10.5.tgz",
			"integrity": "sha512-otddXKhdNn7d0ptoFRHtMLa8LqDxLYwTjB4nYgM1yy5N6gU/MUf8zqyyLltCH3yAVitBzmwK4us+DD0l/MauAg==",
			"requires": {
				"regenerator-runtime": "^0.13.4"
			}
		},
		"polished": {
			"version": "3.6.5",
			"resolved": "https://registry.npmjs.org/polished/-/polished-3.6.5.tgz",
			"integrity": "sha512-VwhC9MlhW7O5dg/z7k32dabcAFW1VI2+7fSe8cE/kXcfL7mVdoa5UxciYGW2sJU78ldDLT6+ROEKIZKFNTnUXQ==",
			"requires": {
				"@babel/runtime": "^7.9.2"
			}
		},
		"regenerator-runtime": {
			"version": "0.13.7",
			"resolved": "https://registry.npmjs.org/regenerator-runtime/-/regenerator-runtime-0.13.7.tgz",
			"integrity": "sha512-a54FxoJDIr27pgf7IgeQGxmqUNYrcV338lf/6gH456HZ/PhX+5BcwHXG9ajESmwe6WRO0tAzRUrRmNONWgkrew=="
		}
	}
}
